
Microsoft Visual Studio Solution File, Format Version 12.00
# Visual Studio 2012
Project("{FAE04EC0-301F-11D3-BF4B-00C04F79EFBC}") = "SIS_INTRANET", "SIS_INTRANET\SIS_INTRANET.csproj", "{8A28BDFB-E16E-46C4-A31F-9B48499BB534}"
EndProject
Project("{2150E333-8FDC-42A3-9474-1A3956D46DE8}") = "Dominio", "Dominio", "{2A70836D-0D56-4259-961F-F20B7D82856F}"
EndProject
Project("{2150E333-8FDC-42A3-9474-1A3956D46DE8}") = "SQL", "SQL", "{7ABEF580-6EFD-4380-A755-45CB551DD3E8}"
EndProject
Project("{FAE04EC0-301F-11D3-BF4B-00C04F79EFBC}") = "INTRANET.objects", "INTRANET.objects\INTRANET.objects.csproj", "{0FB14872-9AC0-4EE0-A570-38DE96CEAD93}"
EndProject
Project("{FAE04EC0-301F-11D3-BF4B-00C04F79EFBC}") = "INTRANET.data", "INTRANET.data\INTRANET.data.csproj", "{FC98F3AB-8A6E-4AB6-9EFF-DE33746857E5}"
EndProject
Project("{FAE04EC0-301F-11D3-BF4B-00C04F79EFBC}") = "INTRANET.business", "INTRANET.business\INTRANET.business.csproj", "{C8B15AAD-99AA-4E46-8A8B-97843DD33CD3}"
EndProject
Global
	GlobalSection(SolutionConfigurationPlatforms) = preSolution
		Debug|Any CPU = Debug|Any CPU
		Release|Any CPU = Release|Any CPU
	EndGlobalSection
	GlobalSection(ProjectConfigurationPlatforms) = postSolution
		{8A28BDFB-E16E-46C4-A31F-9B48499BB534}.Debug|Any CPU.ActiveCfg = Debug|Any CPU
		{8A28BDFB-E16E-46C4-A31F-9B48499BB534}.Debug|Any CPU.Build.0 = Debug|Any CPU
		{8A28BDFB-E16E-46C4-A31F-9B48499BB534}.Release|Any CPU.ActiveCfg = Release|Any CPU
		{8A28BDFB-E16E-46C4-A31F-9B48499BB534}.Release|Any CPU.Build.0 = Release|Any CPU
		{0FB14872-9AC0-4EE0-A570-38DE96CEAD93}.Debug|Any CPU.ActiveCfg = Debug|Any CPU
		{0FB14872-9AC0-4EE0-A570-38DE96CEAD93}.Debug|Any CPU.Build.0 = Debug|Any CPU
		{0FB14872-9AC0-4EE0-A570-38DE96CEAD93}.Release|Any CPU.ActiveCfg = Release|Any CPU
		{0FB14872-9AC0-4EE0-A570-38DE96CEAD93}.Release|Any CPU.Build.0 = Release|Any CPU
		{FC98F3AB-8A6E-4AB6-9EFF-DE33746857E5}.Debug|Any CPU.ActiveCfg = Debug|Any CPU
		{FC98F3AB-8A6E-4AB6-9EFF-DE33746857E5}.Debug|Any CPU.Build.0 = Debug|Any CPU
		{FC98F3AB-8A6E-4AB6-9EFF-DE33746857E5}.Release|Any CPU.ActiveCfg = Release|Any CPU
		{FC98F3AB-8A6E-4AB6-9EFF-DE33746857E5}.Release|Any CPU.Build.0 = Release|Any CPU
		{C8B15AAD-99AA-4E46-8A8B-97843DD33CD3}.Debug|Any CPU.ActiveCfg = Debug|Any CPU
		{C8B15AAD-99AA-4E46-8A8B-97843DD33CD3}.Debug|Any CPU.Build.0 = Debug|Any CPU
		{C8B15AAD-99AA-4E46-8A8B-97843DD33CD3}.Release|Any CPU.ActiveCfg = Release|Any CPU
		{C8B15AAD-99AA-4E46-8A8B-97843DD33CD3}.Release|Any CPU.Build.0 = Release|Any CPU
	EndGlobalSection
	GlobalSection(SolutionProperties) = preSolution
		HideSolutionNode = FALSE
	EndGlobalSection
	GlobalSection(NestedProjects) = preSolution
		{7ABEF580-6EFD-4380-A755-45CB551DD3E8} = {2A70836D-0D56-4259-961F-F20B7D82856F}
		{0FB14872-9AC0-4EE0-A570-38DE96CEAD93} = {7ABEF580-6EFD-4380-A755-45CB551DD3E8}
		{FC98F3AB-8A6E-4AB6-9EFF-DE33746857E5} = {7ABEF580-6EFD-4380-A755-45CB551DD3E8}
		{C8B15AAD-99AA-4E46-8A8B-97843DD33CD3} = {7ABEF580-6EFD-4380-A755-45CB551DD3E8}
	EndGlobalSection
EndGlobal
